<?xml version="1.0" encoding="utf-8"?>
<Project ToolsVersion="4.0" xmlns="http://schemas.microsoft.com/developer/msbuild/2003">
  <ItemGroup>
    <Filter Include="Source Files">
      <UniqueIdentifier>{4FC737F1-C7A5-4376-A066-2A32D752A2FF}</UniqueIdentifier>
      <Extensions>cpp;c;cc;cxx;def;odl;idl;hpj;bat;asm;asmx</Extensions>
    </Filter>
    <Filter Include="Header Files">
      <UniqueIdentifier>{93995380-89BD-4b04-88EB-625FBE52EBFB}</UniqueIdentifier>
      <Extensions>h;hh;hpp;hxx;hm;inl;inc;xsd</Extensions>
    </Filter>
    <Filter Include="Resource Files">
      <UniqueIdentifier>{67DA6AB6-F800-4c08-8B7A-83BB121AAD01}</UniqueIdentifier>
      <Extensions>rc;ico;cur;bmp;dlg;rc2;rct;bin;rgs;gif;jpg;jpeg;jpe;resx;tiff;tif;png;wav;mfcribbon-ms</Extensions>
    </Filter>
  </ItemGroup>
  <ItemGroup>
    <Text Include="ReadMe.txt" />
    <Text Include="cnn\CMakeLists.txt" />
  </ItemGroup>
  <ItemGroup>
    <ClInclude Include="stdafx.h">
      <Filter>Header Files</Filter>
    </ClInclude>
    <ClInclude Include="targetver.h">
      <Filter>Header Files</Filter>
    </ClInclude>
    <ClInclude Include="cnn\aligned-mem-pool.h">
      <Filter>Header Files</Filter>
    </ClInclude>
    <ClInclude Include="cnn\c2w.h">
      <Filter>Header Files</Filter>
    </ClInclude>
    <ClInclude Include="cnn\cfsm-builder.h">
      <Filter>Header Files</Filter>
    </ClInclude>
    <ClInclude Include="cnn\cnn.h">
      <Filter>Header Files</Filter>
    </ClInclude>
    <ClInclude Include="cnn\cnn-helper.h">
      <Filter>Header Files</Filter>
    </ClInclude>
    <ClInclude Include="cnn\conv.h">
      <Filter>Header Files</Filter>
    </ClInclude>
    <ClInclude Include="cnn\cuda.h">
      <Filter>Header Files</Filter>
    </ClInclude>
    <ClInclude Include="cnn\deep-lstm.h">
      <Filter>Header Files</Filter>
    </ClInclude>
    <ClInclude Include="cnn\dict.h">
      <Filter>Header Files</Filter>
    </ClInclude>
    <ClInclude Include="cnn\dim.h">
      <Filter>Header Files</Filter>
    </ClInclude>
    <ClInclude Include="cnn\except.h">
      <Filter>Header Files</Filter>
    </ClInclude>
    <ClInclude Include="cnn\exec.h">
      <Filter>Header Files</Filter>
    </ClInclude>
    <ClInclude Include="cnn\expr.h">
      <Filter>Header Files</Filter>
    </ClInclude>
    <ClInclude Include="cnn\fast-lstm.h">
      <Filter>Header Files</Filter>
    </ClInclude>
    <ClInclude Include="cnn\functors.h">
      <Filter>Header Files</Filter>
    </ClInclude>
    <ClInclude Include="cnn\gpu-kernels.h">
      <Filter>Header Files</Filter>
    </ClInclude>
    <ClInclude Include="cnn\gpu-ops.h">
      <Filter>Header Files</Filter>
    </ClInclude>
    <ClInclude Include="cnn\grad-check.h">
      <Filter>Header Files</Filter>
    </ClInclude>
    <ClInclude Include="cnn\graph.h">
      <Filter>Header Files</Filter>
    </ClInclude>
    <ClInclude Include="cnn\gru.h">
      <Filter>Header Files</Filter>
    </ClInclude>
    <ClInclude Include="cnn\init.h">
      <Filter>Header Files</Filter>
    </ClInclude>
    <ClInclude Include="cnn\lstm.h">
      <Filter>Header Files</Filter>
    </ClInclude>
    <ClInclude Include="cnn\model.h">
      <Filter>Header Files</Filter>
    </ClInclude>
    <ClInclude Include="cnn\nodes.h">
      <Filter>Header Files</Filter>
    </ClInclude>
    <ClInclude Include="cnn\param-nodes.h">
      <Filter>Header Files</Filter>
    </ClInclude>
    <ClInclude Include="cnn\random.h">
      <Filter>Header Files</Filter>
    </ClInclude>
    <ClInclude Include="cnn\rnn.h">
      <Filter>Header Files</Filter>
    </ClInclude>
    <ClInclude Include="cnn\rnn-state-machine.h">
      <Filter>Header Files</Filter>
    </ClInclude>
    <ClInclude Include="cnn\saxe-init.h">
      <Filter>Header Files</Filter>
    </ClInclude>
    <ClInclude Include="cnn\shadow-params.h">
      <Filter>Header Files</Filter>
    </ClInclude>
    <ClInclude Include="cnn\tensor.h">
      <Filter>Header Files</Filter>
    </ClInclude>
    <ClInclude Include="cnn\timing.h">
      <Filter>Header Files</Filter>
    </ClInclude>
    <ClInclude Include="cnn\training.h">
      <Filter>Header Files</Filter>
    </ClInclude>
    <ClInclude Include="cnn\treelstm.h">
      <Filter>Header Files</Filter>
    </ClInclude>
  </ItemGroup>
  <ItemGroup>
    <ClCompile Include="stdafx.cpp">
      <Filter>Source Files</Filter>
    </ClCompile>
    <ClCompile Include="FeedforwardNet.cpp">
      <Filter>Source Files</Filter>
    </ClCompile>
    <ClCompile Include="cnn\cfsm-builder.cc">
      <Filter>Source Files</Filter>
    </ClCompile>
    <ClCompile Include="cnn\cnn.cc">
      <Filter>Source Files</Filter>
    </ClCompile>
    <ClCompile Include="cnn\conv.cc">
      <Filter>Source Files</Filter>
    </ClCompile>
    <ClCompile Include="cnn\cuda.cc">
      <Filter>Source Files</Filter>
    </ClCompile>
    <ClCompile Include="cnn\deep-lstm.cc">
      <Filter>Source Files</Filter>
    </ClCompile>
    <ClCompile Include="cnn\dict.cc">
      <Filter>Source Files</Filter>
    </ClCompile>
    <ClCompile Include="cnn\dim.cc">
      <Filter>Source Files</Filter>
    </ClCompile>
    <ClCompile Include="cnn\exec.cc">
      <Filter>Source Files</Filter>
    </ClCompile>
    <ClCompile Include="cnn\expr.cc">
      <Filter>Source Files</Filter>
    </ClCompile>
    <ClCompile Include="cnn\fast-lstm.cc">
      <Filter>Source Files</Filter>
    </ClCompile>
    <ClCompile Include="cnn\grad-check.cc">
      <Filter>Source Files</Filter>
    </ClCompile>
    <ClCompile Include="cnn\graph.cc">
      <Filter>Source Files</Filter>
    </ClCompile>
    <ClCompile Include="cnn\gru.cc">
      <Filter>Source Files</Filter>
    </ClCompile>
    <ClCompile Include="cnn\init.cc">
      <Filter>Source Files</Filter>
    </ClCompile>
    <ClCompile Include="cnn\lstm.cc">
      <Filter>Source Files</Filter>
    </ClCompile>
    <ClCompile Include="cnn\model.cc">
      <Filter>Source Files</Filter>
    </ClCompile>
    <ClCompile Include="cnn\nodes.cc">
      <Filter>Source Files</Filter>
    </ClCompile>
    <ClCompile Include="cnn\nodes-common.cc">
      <Filter>Source Files</Filter>
    </ClCompile>
    <ClCompile Include="cnn\param-nodes.cc">
      <Filter>Source Files</Filter>
    </ClCompile>
    <ClCompile Include="cnn\rnn.cc">
      <Filter>Source Files</Filter>
    </ClCompile>
    <ClCompile Include="cnn\rnn-state-machine.cc">
      <Filter>Source Files</Filter>
    </ClCompile>
    <ClCompile Include="cnn\saxe-init.cc">
      <Filter>Source Files</Filter>
    </ClCompile>
    <ClCompile Include="cnn\shadow-params.cc">
      <Filter>Source Files</Filter>
    </ClCompile>
    <ClCompile Include="cnn\tensor.cc">
      <Filter>Source Files</Filter>
    </ClCompile>
    <ClCompile Include="cnn\training.cc">
      <Filter>Source Files</Filter>
    </ClCompile>
    <ClCompile Include="cnn\treelstm.cc">
      <Filter>Source Files</Filter>
    </ClCompile>
  </ItemGroup>
  <ItemGroup>
    <None Include="packages.config" />
    <None Include="cnn\gpu-ops.cu" />
  </ItemGroup>
</Project>